
Microsoft Visual Studio Solution File, Format Version 12.00
# Visual Studio Version 16
VisualStudioVersion = 16.0.30804.86
MinimumVisualStudioVersion = 10.0.40219.1
Project("{9A19103F-16F7-4668-BE54-9A1E7A4F7556}") = "TiendaServicio.api.Autor", "TiendaServicio.api.Autor\TiendaServicio.api.Autor.csproj", "{E7820BE5-7A91-48F8-910C-DA031D18EED1}"
EndProject
Project("{9A19103F-16F7-4668-BE54-9A1E7A4F7556}") = "TiendaServicio.Api.Libro", "TiendaServicio.Api.Libro\TiendaServicio.Api.Libro.csproj", "{BC2E15BC-C4E0-47AA-9561-42669E38097F}"
EndProject
Project("{9A19103F-16F7-4668-BE54-9A1E7A4F7556}") = "TiendaServicio.Api.CarritoCompra", "TiendaServicio.Api.CarritoCompra\TiendaServicio.Api.CarritoCompra.csproj", "{9CD3BF7A-4C29-4419-81B7-DEF363F5EB70}"
EndProject
Project("{FAE04EC0-301F-11D3-BF4B-00C04F79EFBC}") = "TiendaServicio.Api.Libro.Tests", "TiendaServicio.Api.Libro.Tests\TiendaServicio.Api.Libro.Tests.csproj", "{0D07C43C-C2E6-45E0-B68E-7C727A964650}"
EndProject
Global
	GlobalSection(SolutionConfigurationPlatforms) = preSolution
		Debug|Any CPU = Debug|Any CPU
		Release|Any CPU = Release|Any CPU
	EndGlobalSection
	GlobalSection(ProjectConfigurationPlatforms) = postSolution
		{E7820BE5-7A91-48F8-910C-DA031D18EED1}.Debug|Any CPU.ActiveCfg = Debug|Any CPU
		{E7820BE5-7A91-48F8-910C-DA031D18EED1}.Debug|Any CPU.Build.0 = Debug|Any CPU
		{E7820BE5-7A91-48F8-910C-DA031D18EED1}.Release|Any CPU.ActiveCfg = Release|Any CPU
		{E7820BE5-7A91-48F8-910C-DA031D18EED1}.Release|Any CPU.Build.0 = Release|Any CPU
		{BC2E15BC-C4E0-47AA-9561-42669E38097F}.Debug|Any CPU.ActiveCfg = Debug|Any CPU
		{BC2E15BC-C4E0-47AA-9561-42669E38097F}.Debug|Any CPU.Build.0 = Debug|Any CPU
		{BC2E15BC-C4E0-47AA-9561-42669E38097F}.Release|Any CPU.ActiveCfg = Release|Any CPU
		{BC2E15BC-C4E0-47AA-9561-42669E38097F}.Release|Any CPU.Build.0 = Release|Any CPU
		{9CD3BF7A-4C29-4419-81B7-DEF363F5EB70}.Debug|Any CPU.ActiveCfg = Debug|Any CPU
		{9CD3BF7A-4C29-4419-81B7-DEF363F5EB70}.Debug|Any CPU.Build.0 = Debug|Any CPU
		{9CD3BF7A-4C29-4419-81B7-DEF363F5EB70}.Release|Any CPU.ActiveCfg = Release|Any CPU
		{9CD3BF7A-4C29-4419-81B7-DEF363F5EB70}.Release|Any CPU.Build.0 = Release|Any CPU
		{0D07C43C-C2E6-45E0-B68E-7C727A964650}.Debug|Any CPU.ActiveCfg = Debug|Any CPU
		{0D07C43C-C2E6-45E0-B68E-7C727A964650}.Debug|Any CPU.Build.0 = Debug|Any CPU
		{0D07C43C-C2E6-45E0-B68E-7C727A964650}.Release|Any CPU.ActiveCfg = Release|Any CPU
		{0D07C43C-C2E6-45E0-B68E-7C727A964650}.Release|Any CPU.Build.0 = Release|Any CPU
	EndGlobalSection
	GlobalSection(SolutionProperties) = preSolution
		HideSolutionNode = FALSE
	EndGlobalSection
	GlobalSection(ExtensibilityGlobals) = postSolution
		SolutionGuid = {FE0A9E03-2865-458B-86FF-76B4D9A6B238}
	EndGlobalSection
EndGlobal
